
Microsoft Visual Studio Solution File, Format Version 12.00
# Visual Studio Version 17
VisualStudioVersion = 17.5.33312.197
MinimumVisualStudioVersion = 10.0.40219.1
Project("{FAE04EC0-301F-11D3-BF4B-00C04F79EFBC}") = "HamiltonUndirectedGraph", "HamiltonUndirectedGraph.csproj", "{7A4DB379-3417-4998-BCDA-C15A5EF82545}"
EndProject
Global
	GlobalSection(SolutionConfigurationPlatforms) = preSolution
		Debug|Any CPU = Debug|Any CPU
		Release|Any CPU = Release|Any CPU
	EndGlobalSection
	GlobalSection(ProjectConfigurationPlatforms) = postSolution
		{7A4DB379-3417-4998-BCDA-C15A5EF82545}.Debug|Any CPU.ActiveCfg = Debug|Any CPU
		{7A4DB379-3417-4998-BCDA-C15A5EF82545}.Debug|Any CPU.Build.0 = Debug|Any CPU
		{7A4DB379-3417-4998-BCDA-C15A5EF82545}.Release|Any CPU.ActiveCfg = Release|Any CPU
		{7A4DB379-3417-4998-BCDA-C15A5EF82545}.Release|Any CPU.Build.0 = Release|Any CPU
	EndGlobalSection
	GlobalSection(SolutionProperties) = preSolution
		HideSolutionNode = FALSE
	EndGlobalSection
	GlobalSection(ExtensibilityGlobals) = postSolution
		SolutionGuid = {503E4BDC-6ED8-4847-88F1-76369A8B9D2F}
	EndGlobalSection
EndGlobal
